
Microsoft Visual Studio Solution File, Format Version 12.00
# Visual Studio Version 17
VisualStudioVersion = 17.8.34601.278
MinimumVisualStudioVersion = 10.0.40219.1
Project("{2150E333-8FDC-42A3-9474-1A3956D46DE8}") = "Core", "Core", "{623CEC61-AEE0-4D55-BD04-6DC269146036}"
EndProject
Project("{2150E333-8FDC-42A3-9474-1A3956D46DE8}") = "External", "External", "{483BDBA9-DC64-4F84-9295-727927EB3F66}"
EndProject
Project("{2150E333-8FDC-42A3-9474-1A3956D46DE8}") = "Infrastructure", "Infrastructure", "{2F8E0E74-7F6F-4193-847A-B2243AFDEB56}"
EndProject
Project("{2150E333-8FDC-42A3-9474-1A3956D46DE8}") = "Presentation", "Presentation", "{44202ACF-3C3F-4C36-97FD-CEEC8F616523}"
EndProject
Project("{2150E333-8FDC-42A3-9474-1A3956D46DE8}") = "Common", "Common", "{C89981BE-8ADF-494C-83C7-B78A62143238}"
EndProject
Project("{FAE04EC0-301F-11D3-BF4B-00C04F79EFBC}") = "Data", "Data\Data.csproj", "{F5BCC07E-2EAA-41B7-991D-66C1AD0B4235}"
EndProject
Project("{FAE04EC0-301F-11D3-BF4B-00C04F79EFBC}") = "Application", "Application\Application.csproj", "{88650B6B-DA9F-458C-BDD8-6D452EBB4D92}"
EndProject
Project("{FAE04EC0-301F-11D3-BF4B-00C04F79EFBC}") = "Configuration", "Configuration\Configuration.csproj", "{28294BFA-F28C-43E9-AED6-EE11EC2714F2}"
EndProject
Project("{FAE04EC0-301F-11D3-BF4B-00C04F79EFBC}") = "Persistence", "Persistence\Persistence.csproj", "{1B4A01E6-F549-4570-9E91-F52DBA8ECC91}"
EndProject
Project("{FAE04EC0-301F-11D3-BF4B-00C04F79EFBC}") = "Mail", "Mail\Mail.csproj", "{8550FE76-F489-44D6-B2A7-AB51578F280C}"
EndProject
Project("{FAE04EC0-301F-11D3-BF4B-00C04F79EFBC}") = "BackgroundJob", "BackgroundJob\BackgroundJob.csproj", "{7911E0E7-A113-4A15-BD6F-0CE87CF2184B}"
EndProject
Project("{FAE04EC0-301F-11D3-BF4B-00C04F79EFBC}") = "AuthenticationHandler", "AuthenticationHandler\AuthenticationHandler.csproj", "{217C1383-DA9B-46BA-A2A5-E41FB1E50703}"
EndProject
Project("{FAE04EC0-301F-11D3-BF4B-00C04F79EFBC}") = "Cache", "Cache\Cache.csproj", "{4D5311B2-0B01-4680-9594-4CAD15475202}"
EndProject
Project("{FAE04EC0-301F-11D3-BF4B-00C04F79EFBC}") = "ExternalFile", "ExternalFile\ExternalFile.csproj", "{38B169C2-5572-45DE-A3CB-DAF1FFE842A4}"
EndProject
Project("{FAE04EC0-301F-11D3-BF4B-00C04F79EFBC}") = "WebApi", "WebApi\WebApi.csproj", "{6DAA2E50-D28B-4CEF-ADB1-E4AC9C96BDCD}"
EndProject
Global
	GlobalSection(SolutionConfigurationPlatforms) = preSolution
		Debug|Any CPU = Debug|Any CPU
		Release|Any CPU = Release|Any CPU
	EndGlobalSection
	GlobalSection(ProjectConfigurationPlatforms) = postSolution
		{F5BCC07E-2EAA-41B7-991D-66C1AD0B4235}.Debug|Any CPU.ActiveCfg = Debug|Any CPU
		{F5BCC07E-2EAA-41B7-991D-66C1AD0B4235}.Debug|Any CPU.Build.0 = Debug|Any CPU
		{F5BCC07E-2EAA-41B7-991D-66C1AD0B4235}.Release|Any CPU.ActiveCfg = Release|Any CPU
		{F5BCC07E-2EAA-41B7-991D-66C1AD0B4235}.Release|Any CPU.Build.0 = Release|Any CPU
		{88650B6B-DA9F-458C-BDD8-6D452EBB4D92}.Debug|Any CPU.ActiveCfg = Debug|Any CPU
		{88650B6B-DA9F-458C-BDD8-6D452EBB4D92}.Debug|Any CPU.Build.0 = Debug|Any CPU
		{88650B6B-DA9F-458C-BDD8-6D452EBB4D92}.Release|Any CPU.ActiveCfg = Release|Any CPU
		{88650B6B-DA9F-458C-BDD8-6D452EBB4D92}.Release|Any CPU.Build.0 = Release|Any CPU
		{28294BFA-F28C-43E9-AED6-EE11EC2714F2}.Debug|Any CPU.ActiveCfg = Debug|Any CPU
		{28294BFA-F28C-43E9-AED6-EE11EC2714F2}.Debug|Any CPU.Build.0 = Debug|Any CPU
		{28294BFA-F28C-43E9-AED6-EE11EC2714F2}.Release|Any CPU.ActiveCfg = Release|Any CPU
		{28294BFA-F28C-43E9-AED6-EE11EC2714F2}.Release|Any CPU.Build.0 = Release|Any CPU
		{1B4A01E6-F549-4570-9E91-F52DBA8ECC91}.Debug|Any CPU.ActiveCfg = Debug|Any CPU
		{1B4A01E6-F549-4570-9E91-F52DBA8ECC91}.Debug|Any CPU.Build.0 = Debug|Any CPU
		{1B4A01E6-F549-4570-9E91-F52DBA8ECC91}.Release|Any CPU.ActiveCfg = Release|Any CPU
		{1B4A01E6-F549-4570-9E91-F52DBA8ECC91}.Release|Any CPU.Build.0 = Release|Any CPU
		{8550FE76-F489-44D6-B2A7-AB51578F280C}.Debug|Any CPU.ActiveCfg = Debug|Any CPU
		{8550FE76-F489-44D6-B2A7-AB51578F280C}.Debug|Any CPU.Build.0 = Debug|Any CPU
		{8550FE76-F489-44D6-B2A7-AB51578F280C}.Release|Any CPU.ActiveCfg = Release|Any CPU
		{8550FE76-F489-44D6-B2A7-AB51578F280C}.Release|Any CPU.Build.0 = Release|Any CPU
		{7911E0E7-A113-4A15-BD6F-0CE87CF2184B}.Debug|Any CPU.ActiveCfg = Debug|Any CPU
		{7911E0E7-A113-4A15-BD6F-0CE87CF2184B}.Debug|Any CPU.Build.0 = Debug|Any CPU
		{7911E0E7-A113-4A15-BD6F-0CE87CF2184B}.Release|Any CPU.ActiveCfg = Release|Any CPU
		{7911E0E7-A113-4A15-BD6F-0CE87CF2184B}.Release|Any CPU.Build.0 = Release|Any CPU
		{217C1383-DA9B-46BA-A2A5-E41FB1E50703}.Debug|Any CPU.ActiveCfg = Debug|Any CPU
		{217C1383-DA9B-46BA-A2A5-E41FB1E50703}.Debug|Any CPU.Build.0 = Debug|Any CPU
		{217C1383-DA9B-46BA-A2A5-E41FB1E50703}.Release|Any CPU.ActiveCfg = Release|Any CPU
		{217C1383-DA9B-46BA-A2A5-E41FB1E50703}.Release|Any CPU.Build.0 = Release|Any CPU
		{4D5311B2-0B01-4680-9594-4CAD15475202}.Debug|Any CPU.ActiveCfg = Debug|Any CPU
		{4D5311B2-0B01-4680-9594-4CAD15475202}.Debug|Any CPU.Build.0 = Debug|Any CPU
		{4D5311B2-0B01-4680-9594-4CAD15475202}.Release|Any CPU.ActiveCfg = Release|Any CPU
		{4D5311B2-0B01-4680-9594-4CAD15475202}.Release|Any CPU.Build.0 = Release|Any CPU
		{38B169C2-5572-45DE-A3CB-DAF1FFE842A4}.Debug|Any CPU.ActiveCfg = Debug|Any CPU
		{38B169C2-5572-45DE-A3CB-DAF1FFE842A4}.Debug|Any CPU.Build.0 = Debug|Any CPU
		{38B169C2-5572-45DE-A3CB-DAF1FFE842A4}.Release|Any CPU.ActiveCfg = Release|Any CPU
		{38B169C2-5572-45DE-A3CB-DAF1FFE842A4}.Release|Any CPU.Build.0 = Release|Any CPU
		{6DAA2E50-D28B-4CEF-ADB1-E4AC9C96BDCD}.Debug|Any CPU.ActiveCfg = Debug|Any CPU
		{6DAA2E50-D28B-4CEF-ADB1-E4AC9C96BDCD}.Debug|Any CPU.Build.0 = Debug|Any CPU
		{6DAA2E50-D28B-4CEF-ADB1-E4AC9C96BDCD}.Release|Any CPU.ActiveCfg = Release|Any CPU
		{6DAA2E50-D28B-4CEF-ADB1-E4AC9C96BDCD}.Release|Any CPU.Build.0 = Release|Any CPU
	EndGlobalSection
	GlobalSection(SolutionProperties) = preSolution
		HideSolutionNode = FALSE
	EndGlobalSection
	GlobalSection(NestedProjects) = preSolution
		{2F8E0E74-7F6F-4193-847A-B2243AFDEB56} = {483BDBA9-DC64-4F84-9295-727927EB3F66}
		{44202ACF-3C3F-4C36-97FD-CEEC8F616523} = {483BDBA9-DC64-4F84-9295-727927EB3F66}
		{C89981BE-8ADF-494C-83C7-B78A62143238} = {483BDBA9-DC64-4F84-9295-727927EB3F66}
		{F5BCC07E-2EAA-41B7-991D-66C1AD0B4235} = {623CEC61-AEE0-4D55-BD04-6DC269146036}
		{88650B6B-DA9F-458C-BDD8-6D452EBB4D92} = {623CEC61-AEE0-4D55-BD04-6DC269146036}
		{28294BFA-F28C-43E9-AED6-EE11EC2714F2} = {C89981BE-8ADF-494C-83C7-B78A62143238}
		{1B4A01E6-F549-4570-9E91-F52DBA8ECC91} = {2F8E0E74-7F6F-4193-847A-B2243AFDEB56}
		{8550FE76-F489-44D6-B2A7-AB51578F280C} = {2F8E0E74-7F6F-4193-847A-B2243AFDEB56}
		{7911E0E7-A113-4A15-BD6F-0CE87CF2184B} = {2F8E0E74-7F6F-4193-847A-B2243AFDEB56}
		{217C1383-DA9B-46BA-A2A5-E41FB1E50703} = {2F8E0E74-7F6F-4193-847A-B2243AFDEB56}
		{4D5311B2-0B01-4680-9594-4CAD15475202} = {2F8E0E74-7F6F-4193-847A-B2243AFDEB56}
		{38B169C2-5572-45DE-A3CB-DAF1FFE842A4} = {2F8E0E74-7F6F-4193-847A-B2243AFDEB56}
		{6DAA2E50-D28B-4CEF-ADB1-E4AC9C96BDCD} = {44202ACF-3C3F-4C36-97FD-CEEC8F616523}
	EndGlobalSection
	GlobalSection(ExtensibilityGlobals) = postSolution
		SolutionGuid = {40D08833-56A8-4A98-BDE2-BB9FC7C5078F}
	EndGlobalSection
EndGlobal
